
Microsoft Visual Studio Solution File, Format Version 12.00
# Visual Studio Version 16
VisualStudioVersion = 25.0.1706.14
MinimumVisualStudioVersion = 10.0.40219.1
Project("{2150E333-8FDC-42A3-9474-1A3956D46DE8}") = "src", "src", "{B9A96240-A3C4-4ECF-B66E-CFA25FC8469B}"
EndProject
Project("{2150E333-8FDC-42A3-9474-1A3956D46DE8}") = "Services", "Services", "{A01EEE4A-EB1D-4EEA-AF29-437CE02855D2}"
EndProject
Project("{FAE04EC0-301F-11D3-BF4B-00C04F79EFBC}") = "ApiGateway", "src\ApiGateway\ApiGateway.csproj", "{FF4D2A10-18F2-4489-839B-8768F03D928D}"
EndProject
Project("{2150E333-8FDC-42A3-9474-1A3956D46DE8}") = "Identity", "Identity", "{55FE58F5-082F-493C-BC36-E830CFDD768E}"
EndProject
Project("{FAE04EC0-301F-11D3-BF4B-00C04F79EFBC}") = "Identity.Api", "src\Services\Identity\Identity.Api\Identity.Api.csproj", "{C608F925-4767-4AC2-8A2A-7FDDEB492324}"
EndProject
Project("{2150E333-8FDC-42A3-9474-1A3956D46DE8}") = "Product", "Product", "{956ACD00-5563-4B14-BC3E-F6FB3FD6F7D0}"
EndProject
Project("{2150E333-8FDC-42A3-9474-1A3956D46DE8}") = "Inventory", "Inventory", "{7DA1DDC3-F833-4AC9-BC72-4227068EBB71}"
EndProject
Project("{FAE04EC0-301F-11D3-BF4B-00C04F79EFBC}") = "Product.Api", "src\Services\Product\Product.Api\Product.Api.csproj", "{5E6C2E72-9B91-46AC-9647-AA2294386A00}"
EndProject
Project("{FAE04EC0-301F-11D3-BF4B-00C04F79EFBC}") = "Inventory.Api", "src\Services\Inventory\Inventory.Api\Inventory.Api.csproj", "{359C5E78-9780-43AF-B2ED-47A5E7B45757}"
EndProject
Project("{FAE04EC0-301F-11D3-BF4B-00C04F79EFBC}") = "Inventory.Domain", "src\Services\Inventory\Inventory.Domain\Inventory.Domain.csproj", "{00BEC5CC-E986-4F2C-99F5-B7A04CD77105}"
EndProject
Project("{FAE04EC0-301F-11D3-BF4B-00C04F79EFBC}") = "Inventory.Infrastructure", "src\Services\Inventory\Inventory.Infrastructure\Inventory.Infrastructure.csproj", "{B48A2885-FC50-4505-A088-52772EDFBAD3}"
EndProject
Project("{FAE04EC0-301F-11D3-BF4B-00C04F79EFBC}") = "Product.Domain", "src\Services\Product\Product.Domain\Product.Domain.csproj", "{973A5FD1-8D86-411E-A78A-93958AE8BF1D}"
EndProject
Project("{FAE04EC0-301F-11D3-BF4B-00C04F79EFBC}") = "Product.Infrastructure", "src\Services\Product\Product.Infrastructure\Product.Infrastructure.csproj", "{DB57DA00-198F-4C2D-8417-82945846FFDB}"
EndProject
Project("{E53339B2-1760-4266-BCC7-CA923CBCF16C}") = "docker-compose", "docker-compose.dcproj", "{57203301-C6AE-4A66-930A-1FA5FB4666A9}"
EndProject
Project("{FAE04EC0-301F-11D3-BF4B-00C04F79EFBC}") = "Identity.Domain", "src\Services\Identity\Identity.Domain\Identity.Domain.csproj", "{EF47336C-62C7-4CB1-984D-F396B87ACE21}"
EndProject
Project("{FAE04EC0-301F-11D3-BF4B-00C04F79EFBC}") = "Identity.Infrastructure", "src\Services\Identity\Identity.Infrastructure\Identity.Infrastructure.csproj", "{A627D531-5BD3-45CA-91E7-9F533D55C111}"
EndProject
Project("{FAE04EC0-301F-11D3-BF4B-00C04F79EFBC}") = "Product.Application", "src\Services\Product\Product.Application\Product.Application.csproj", "{9EDB8246-D8C0-4085-88ED-E22E5D24D54E}"
EndProject
Project("{2150E333-8FDC-42A3-9474-1A3956D46DE8}") = "BuildingBlocks", "BuildingBlocks", "{1775224B-FE69-408D-945E-0E8093E6D67B}"
EndProject
Project("{FAE04EC0-301F-11D3-BF4B-00C04F79EFBC}") = "Catalog.Shared.Domain", "src\BuildingBlocks\Catalog.Shared.Domain\Catalog.Shared.Domain.csproj", "{53F86585-11A1-4D58-81FA-01C4AA510CDE}"
EndProject
Project("{FAE04EC0-301F-11D3-BF4B-00C04F79EFBC}") = "Catalog.Shared", "src\BuildingBlocks\Catalog.Shared\Catalog.Shared.csproj", "{58FC4222-2D8C-48FB-A0CB-F7B49B1E73F3}"
EndProject
Project("{FAE04EC0-301F-11D3-BF4B-00C04F79EFBC}") = "Identity.Application", "src\Services\Identity\Identity.Application\Identity.Application.csproj", "{8912ACF4-597F-41E7-A66F-C47E7DEC513F}"
EndProject
Global
	GlobalSection(SolutionConfigurationPlatforms) = preSolution
		Debug|Any CPU = Debug|Any CPU
		Release|Any CPU = Release|Any CPU
	EndGlobalSection
	GlobalSection(ProjectConfigurationPlatforms) = postSolution
		{FF4D2A10-18F2-4489-839B-8768F03D928D}.Debug|Any CPU.ActiveCfg = Debug|Any CPU
		{FF4D2A10-18F2-4489-839B-8768F03D928D}.Debug|Any CPU.Build.0 = Debug|Any CPU
		{FF4D2A10-18F2-4489-839B-8768F03D928D}.Release|Any CPU.ActiveCfg = Release|Any CPU
		{FF4D2A10-18F2-4489-839B-8768F03D928D}.Release|Any CPU.Build.0 = Release|Any CPU
		{C608F925-4767-4AC2-8A2A-7FDDEB492324}.Debug|Any CPU.ActiveCfg = Debug|Any CPU
		{C608F925-4767-4AC2-8A2A-7FDDEB492324}.Debug|Any CPU.Build.0 = Debug|Any CPU
		{C608F925-4767-4AC2-8A2A-7FDDEB492324}.Release|Any CPU.ActiveCfg = Release|Any CPU
		{C608F925-4767-4AC2-8A2A-7FDDEB492324}.Release|Any CPU.Build.0 = Release|Any CPU
		{5E6C2E72-9B91-46AC-9647-AA2294386A00}.Debug|Any CPU.ActiveCfg = Debug|Any CPU
		{5E6C2E72-9B91-46AC-9647-AA2294386A00}.Debug|Any CPU.Build.0 = Debug|Any CPU
		{5E6C2E72-9B91-46AC-9647-AA2294386A00}.Release|Any CPU.ActiveCfg = Release|Any CPU
		{5E6C2E72-9B91-46AC-9647-AA2294386A00}.Release|Any CPU.Build.0 = Release|Any CPU
		{359C5E78-9780-43AF-B2ED-47A5E7B45757}.Debug|Any CPU.ActiveCfg = Debug|Any CPU
		{359C5E78-9780-43AF-B2ED-47A5E7B45757}.Debug|Any CPU.Build.0 = Debug|Any CPU
		{359C5E78-9780-43AF-B2ED-47A5E7B45757}.Release|Any CPU.ActiveCfg = Release|Any CPU
		{359C5E78-9780-43AF-B2ED-47A5E7B45757}.Release|Any CPU.Build.0 = Release|Any CPU
		{00BEC5CC-E986-4F2C-99F5-B7A04CD77105}.Debug|Any CPU.ActiveCfg = Debug|Any CPU
		{00BEC5CC-E986-4F2C-99F5-B7A04CD77105}.Debug|Any CPU.Build.0 = Debug|Any CPU
		{00BEC5CC-E986-4F2C-99F5-B7A04CD77105}.Release|Any CPU.ActiveCfg = Release|Any CPU
		{00BEC5CC-E986-4F2C-99F5-B7A04CD77105}.Release|Any CPU.Build.0 = Release|Any CPU
		{B48A2885-FC50-4505-A088-52772EDFBAD3}.Debug|Any CPU.ActiveCfg = Debug|Any CPU
		{B48A2885-FC50-4505-A088-52772EDFBAD3}.Debug|Any CPU.Build.0 = Debug|Any CPU
		{B48A2885-FC50-4505-A088-52772EDFBAD3}.Release|Any CPU.ActiveCfg = Release|Any CPU
		{B48A2885-FC50-4505-A088-52772EDFBAD3}.Release|Any CPU.Build.0 = Release|Any CPU
		{973A5FD1-8D86-411E-A78A-93958AE8BF1D}.Debug|Any CPU.ActiveCfg = Debug|Any CPU
		{973A5FD1-8D86-411E-A78A-93958AE8BF1D}.Debug|Any CPU.Build.0 = Debug|Any CPU
		{973A5FD1-8D86-411E-A78A-93958AE8BF1D}.Release|Any CPU.ActiveCfg = Release|Any CPU
		{973A5FD1-8D86-411E-A78A-93958AE8BF1D}.Release|Any CPU.Build.0 = Release|Any CPU
		{DB57DA00-198F-4C2D-8417-82945846FFDB}.Debug|Any CPU.ActiveCfg = Debug|Any CPU
		{DB57DA00-198F-4C2D-8417-82945846FFDB}.Debug|Any CPU.Build.0 = Debug|Any CPU
		{DB57DA00-198F-4C2D-8417-82945846FFDB}.Release|Any CPU.ActiveCfg = Release|Any CPU
		{DB57DA00-198F-4C2D-8417-82945846FFDB}.Release|Any CPU.Build.0 = Release|Any CPU
		{57203301-C6AE-4A66-930A-1FA5FB4666A9}.Debug|Any CPU.ActiveCfg = Debug|Any CPU
		{57203301-C6AE-4A66-930A-1FA5FB4666A9}.Debug|Any CPU.Build.0 = Debug|Any CPU
		{57203301-C6AE-4A66-930A-1FA5FB4666A9}.Release|Any CPU.ActiveCfg = Release|Any CPU
		{57203301-C6AE-4A66-930A-1FA5FB4666A9}.Release|Any CPU.Build.0 = Release|Any CPU
		{EF47336C-62C7-4CB1-984D-F396B87ACE21}.Debug|Any CPU.ActiveCfg = Debug|Any CPU
		{EF47336C-62C7-4CB1-984D-F396B87ACE21}.Debug|Any CPU.Build.0 = Debug|Any CPU
		{EF47336C-62C7-4CB1-984D-F396B87ACE21}.Release|Any CPU.ActiveCfg = Release|Any CPU
		{EF47336C-62C7-4CB1-984D-F396B87ACE21}.Release|Any CPU.Build.0 = Release|Any CPU
		{A627D531-5BD3-45CA-91E7-9F533D55C111}.Debug|Any CPU.ActiveCfg = Debug|Any CPU
		{A627D531-5BD3-45CA-91E7-9F533D55C111}.Debug|Any CPU.Build.0 = Debug|Any CPU
		{A627D531-5BD3-45CA-91E7-9F533D55C111}.Release|Any CPU.ActiveCfg = Release|Any CPU
		{A627D531-5BD3-45CA-91E7-9F533D55C111}.Release|Any CPU.Build.0 = Release|Any CPU
		{9EDB8246-D8C0-4085-88ED-E22E5D24D54E}.Debug|Any CPU.ActiveCfg = Debug|Any CPU
		{9EDB8246-D8C0-4085-88ED-E22E5D24D54E}.Debug|Any CPU.Build.0 = Debug|Any CPU
		{9EDB8246-D8C0-4085-88ED-E22E5D24D54E}.Release|Any CPU.ActiveCfg = Release|Any CPU
		{9EDB8246-D8C0-4085-88ED-E22E5D24D54E}.Release|Any CPU.Build.0 = Release|Any CPU
		{53F86585-11A1-4D58-81FA-01C4AA510CDE}.Debug|Any CPU.ActiveCfg = Debug|Any CPU
		{53F86585-11A1-4D58-81FA-01C4AA510CDE}.Debug|Any CPU.Build.0 = Debug|Any CPU
		{53F86585-11A1-4D58-81FA-01C4AA510CDE}.Release|Any CPU.ActiveCfg = Release|Any CPU
		{53F86585-11A1-4D58-81FA-01C4AA510CDE}.Release|Any CPU.Build.0 = Release|Any CPU
		{58FC4222-2D8C-48FB-A0CB-F7B49B1E73F3}.Debug|Any CPU.ActiveCfg = Debug|Any CPU
		{58FC4222-2D8C-48FB-A0CB-F7B49B1E73F3}.Debug|Any CPU.Build.0 = Debug|Any CPU
		{58FC4222-2D8C-48FB-A0CB-F7B49B1E73F3}.Release|Any CPU.ActiveCfg = Release|Any CPU
		{58FC4222-2D8C-48FB-A0CB-F7B49B1E73F3}.Release|Any CPU.Build.0 = Release|Any CPU
		{8912ACF4-597F-41E7-A66F-C47E7DEC513F}.Debug|Any CPU.ActiveCfg = Debug|Any CPU
		{8912ACF4-597F-41E7-A66F-C47E7DEC513F}.Debug|Any CPU.Build.0 = Debug|Any CPU
		{8912ACF4-597F-41E7-A66F-C47E7DEC513F}.Release|Any CPU.ActiveCfg = Release|Any CPU
		{8912ACF4-597F-41E7-A66F-C47E7DEC513F}.Release|Any CPU.Build.0 = Release|Any CPU
	EndGlobalSection
	GlobalSection(SolutionProperties) = preSolution
		HideSolutionNode = FALSE
	EndGlobalSection
	GlobalSection(ExtensibilityGlobals) = postSolution
		SolutionGuid = {B9A8704E-E9A9-4A7C-BB7F-85567591FF8D}
	EndGlobalSection
	GlobalSection(NestedProjects) = preSolution
		{A01EEE4A-EB1D-4EEA-AF29-437CE02855D2} = {B9A96240-A3C4-4ECF-B66E-CFA25FC8469B}
		{FF4D2A10-18F2-4489-839B-8768F03D928D} = {B9A96240-A3C4-4ECF-B66E-CFA25FC8469B}
		{55FE58F5-082F-493C-BC36-E830CFDD768E} = {A01EEE4A-EB1D-4EEA-AF29-437CE02855D2}
		{C608F925-4767-4AC2-8A2A-7FDDEB492324} = {55FE58F5-082F-493C-BC36-E830CFDD768E}
		{956ACD00-5563-4B14-BC3E-F6FB3FD6F7D0} = {A01EEE4A-EB1D-4EEA-AF29-437CE02855D2}
		{7DA1DDC3-F833-4AC9-BC72-4227068EBB71} = {A01EEE4A-EB1D-4EEA-AF29-437CE02855D2}
		{5E6C2E72-9B91-46AC-9647-AA2294386A00} = {956ACD00-5563-4B14-BC3E-F6FB3FD6F7D0}
		{359C5E78-9780-43AF-B2ED-47A5E7B45757} = {7DA1DDC3-F833-4AC9-BC72-4227068EBB71}
		{00BEC5CC-E986-4F2C-99F5-B7A04CD77105} = {7DA1DDC3-F833-4AC9-BC72-4227068EBB71}
		{B48A2885-FC50-4505-A088-52772EDFBAD3} = {7DA1DDC3-F833-4AC9-BC72-4227068EBB71}
		{973A5FD1-8D86-411E-A78A-93958AE8BF1D} = {956ACD00-5563-4B14-BC3E-F6FB3FD6F7D0}
		{DB57DA00-198F-4C2D-8417-82945846FFDB} = {956ACD00-5563-4B14-BC3E-F6FB3FD6F7D0}
		{EF47336C-62C7-4CB1-984D-F396B87ACE21} = {55FE58F5-082F-493C-BC36-E830CFDD768E}
		{A627D531-5BD3-45CA-91E7-9F533D55C111} = {55FE58F5-082F-493C-BC36-E830CFDD768E}
		{9EDB8246-D8C0-4085-88ED-E22E5D24D54E} = {956ACD00-5563-4B14-BC3E-F6FB3FD6F7D0}
		{1775224B-FE69-408D-945E-0E8093E6D67B} = {B9A96240-A3C4-4ECF-B66E-CFA25FC8469B}
		{53F86585-11A1-4D58-81FA-01C4AA510CDE} = {1775224B-FE69-408D-945E-0E8093E6D67B}
		{58FC4222-2D8C-48FB-A0CB-F7B49B1E73F3} = {1775224B-FE69-408D-945E-0E8093E6D67B}
		{8912ACF4-597F-41E7-A66F-C47E7DEC513F} = {55FE58F5-082F-493C-BC36-E830CFDD768E}
	EndGlobalSection
EndGlobal
